
Microsoft Visual Studio Solution File, Format Version 12.00
# Visual Studio Version 17
VisualStudioVersion = 17.3.32929.385
MinimumVisualStudioVersion = 10.0.40219.1
Project("{9A19103F-16F7-4668-BE54-9A1E7A4F7556}") = "BankingSystem.Api", "BankingSystem.Api\BankingSystem.Api.csproj", "{4723B3E1-0BD5-4224-8A3D-93CB6D239D04}"
EndProject
Project("{9A19103F-16F7-4668-BE54-9A1E7A4F7556}") = "BankingSystem.Tests", "BankingSystem.Tests\BankingSystem.Tests.csproj", "{C048C884-9325-4398-A1D0-4C5A5CA349B6}"
EndProject
Global
	GlobalSection(SolutionConfigurationPlatforms) = preSolution
		Debug|Any CPU = Debug|Any CPU
		Release|Any CPU = Release|Any CPU
	EndGlobalSection
	GlobalSection(ProjectConfigurationPlatforms) = postSolution
		{4723B3E1-0BD5-4224-8A3D-93CB6D239D04}.Debug|Any CPU.ActiveCfg = Debug|Any CPU
		{4723B3E1-0BD5-4224-8A3D-93CB6D239D04}.Debug|Any CPU.Build.0 = Debug|Any CPU
		{4723B3E1-0BD5-4224-8A3D-93CB6D239D04}.Release|Any CPU.ActiveCfg = Release|Any CPU
		{4723B3E1-0BD5-4224-8A3D-93CB6D239D04}.Release|Any CPU.Build.0 = Release|Any CPU
		{C048C884-9325-4398-A1D0-4C5A5CA349B6}.Debug|Any CPU.ActiveCfg = Debug|Any CPU
		{C048C884-9325-4398-A1D0-4C5A5CA349B6}.Debug|Any CPU.Build.0 = Debug|Any CPU
		{C048C884-9325-4398-A1D0-4C5A5CA349B6}.Release|Any CPU.ActiveCfg = Release|Any CPU
		{C048C884-9325-4398-A1D0-4C5A5CA349B6}.Release|Any CPU.Build.0 = Release|Any CPU
	EndGlobalSection
	GlobalSection(SolutionProperties) = preSolution
		HideSolutionNode = FALSE
	EndGlobalSection
	GlobalSection(ExtensibilityGlobals) = postSolution
		SolutionGuid = {7CF141BC-0C7A-4486-8DCE-F7DBAA71F163}
	EndGlobalSection
EndGlobal
